{
  "name": "asus",
  "version": "1.0.0",
  "lockfileVersion": 3,
  "requires": true,
  "packages": {
    "": {
      "name": "asus",
      "version": "1.0.0",
      "license": "ISC",
      "dependencies": {
        "swiper": "^11.1.6"
      }
    },
    "node_modules/swiper": {
      "version": "11.1.6",
      "resolved": "https://registry.npmjs.org/swiper/-/swiper-11.1.6.tgz",
      "integrity": "sha512-4VX3/Ldj0wzE9TOAyFV0t9ecbaU92BbmIeYWEI5IIDt6Nyyr5RqgzZiS0q5G8pALWNCg+KsrStkfH/aMtzclPw==",
      "funding": [
        {
          "type": "patreon",
          "url": "https://www.patreon.com/swiperjs"
        },
        {
          "type": "open_collective",
          "url": "http://opencollective.com/swiper"
        }
      ],
      "engines": {
        "node": ">= 4.7.0"
      }
    }
  }
}
